
Microsoft Visual Studio Solution File, Format Version 12.00
# Visual Studio Version 16
VisualStudioVersion = 16.0.29905.134
MinimumVisualStudioVersion = 10.0.40219.1
Project("{9A19103F-16F7-4668-BE54-9A1E7A4F7556}") = "HEF.Extensions.GraphQL.EntityQuery", "src\HEF.Extensions.GraphQL.EntityQuery\HEF.Extensions.GraphQL.EntityQuery.csproj", "{CC219EB2-599D-4847-97C6-9A257566B15E}"
EndProject
Project("{9A19103F-16F7-4668-BE54-9A1E7A4F7556}") = "HEF.Extensions.GraphQL.Server", "src\HEF.Extensions.GraphQL.Server\HEF.Extensions.GraphQL.Server.csproj", "{6F2A0093-D2FA-48B1-990E-7C33188AAC70}"
EndProject
Project("{9A19103F-16F7-4668-BE54-9A1E7A4F7556}") = "HEF.Extensions.GraphQL.Server.AspNetCore", "src\HEF.Extensions.GraphQL.Server.AspNetCore\HEF.Extensions.GraphQL.Server.AspNetCore.csproj", "{A5EBA5DC-EF48-4371-8020-84A8A534BD0B}"
EndProject
Project("{9A19103F-16F7-4668-BE54-9A1E7A4F7556}") = "HEF.Extensions.GraphQL.Server.EntityQuery", "src\HEF.Extensions.GraphQL.Server.EntityQuery\HEF.Extensions.GraphQL.Server.EntityQuery.csproj", "{081EC0C4-7EE6-4165-BC4E-63F5DEED2F79}"
EndProject
Project("{9A19103F-16F7-4668-BE54-9A1E7A4F7556}") = "HEF.Extensions.GraphQL.Server.Ui.GraphiQL", "src\HEF.Extensions.GraphQL.Server.Ui.GraphiQL\HEF.Extensions.GraphQL.Server.Ui.GraphiQL.csproj", "{426D8539-B79B-4BE2-91D7-0CD3062254BB}"
EndProject
Project("{9A19103F-16F7-4668-BE54-9A1E7A4F7556}") = "HEF.Extensions.GraphQL.Server.Ui.Playground", "src\HEF.Extensions.GraphQL.Server.Ui.Playground\HEF.Extensions.GraphQL.Server.Ui.Playground.csproj", "{7F14A973-580F-4E4F-9766-C73919A9A714}"
EndProject
Global
	GlobalSection(SolutionConfigurationPlatforms) = preSolution
		Debug|Any CPU = Debug|Any CPU
		Release|Any CPU = Release|Any CPU
	EndGlobalSection
	GlobalSection(ProjectConfigurationPlatforms) = postSolution
		{CC219EB2-599D-4847-97C6-9A257566B15E}.Debug|Any CPU.ActiveCfg = Debug|Any CPU
		{CC219EB2-599D-4847-97C6-9A257566B15E}.Debug|Any CPU.Build.0 = Debug|Any CPU
		{CC219EB2-599D-4847-97C6-9A257566B15E}.Release|Any CPU.ActiveCfg = Release|Any CPU
		{CC219EB2-599D-4847-97C6-9A257566B15E}.Release|Any CPU.Build.0 = Release|Any CPU
		{6F2A0093-D2FA-48B1-990E-7C33188AAC70}.Debug|Any CPU.ActiveCfg = Debug|Any CPU
		{6F2A0093-D2FA-48B1-990E-7C33188AAC70}.Debug|Any CPU.Build.0 = Debug|Any CPU
		{6F2A0093-D2FA-48B1-990E-7C33188AAC70}.Release|Any CPU.ActiveCfg = Release|Any CPU
		{6F2A0093-D2FA-48B1-990E-7C33188AAC70}.Release|Any CPU.Build.0 = Release|Any CPU
		{A5EBA5DC-EF48-4371-8020-84A8A534BD0B}.Debug|Any CPU.ActiveCfg = Debug|Any CPU
		{A5EBA5DC-EF48-4371-8020-84A8A534BD0B}.Debug|Any CPU.Build.0 = Debug|Any CPU
		{A5EBA5DC-EF48-4371-8020-84A8A534BD0B}.Release|Any CPU.ActiveCfg = Release|Any CPU
		{A5EBA5DC-EF48-4371-8020-84A8A534BD0B}.Release|Any CPU.Build.0 = Release|Any CPU
		{081EC0C4-7EE6-4165-BC4E-63F5DEED2F79}.Debug|Any CPU.ActiveCfg = Debug|Any CPU
		{081EC0C4-7EE6-4165-BC4E-63F5DEED2F79}.Debug|Any CPU.Build.0 = Debug|Any CPU
		{081EC0C4-7EE6-4165-BC4E-63F5DEED2F79}.Release|Any CPU.ActiveCfg = Release|Any CPU
		{081EC0C4-7EE6-4165-BC4E-63F5DEED2F79}.Release|Any CPU.Build.0 = Release|Any CPU
		{426D8539-B79B-4BE2-91D7-0CD3062254BB}.Debug|Any CPU.ActiveCfg = Debug|Any CPU
		{426D8539-B79B-4BE2-91D7-0CD3062254BB}.Debug|Any CPU.Build.0 = Debug|Any CPU
		{426D8539-B79B-4BE2-91D7-0CD3062254BB}.Release|Any CPU.ActiveCfg = Release|Any CPU
		{426D8539-B79B-4BE2-91D7-0CD3062254BB}.Release|Any CPU.Build.0 = Release|Any CPU
		{7F14A973-580F-4E4F-9766-C73919A9A714}.Debug|Any CPU.ActiveCfg = Debug|Any CPU
		{7F14A973-580F-4E4F-9766-C73919A9A714}.Debug|Any CPU.Build.0 = Debug|Any CPU
		{7F14A973-580F-4E4F-9766-C73919A9A714}.Release|Any CPU.ActiveCfg = Release|Any CPU
		{7F14A973-580F-4E4F-9766-C73919A9A714}.Release|Any CPU.Build.0 = Release|Any CPU
	EndGlobalSection
	GlobalSection(SolutionProperties) = preSolution
		HideSolutionNode = FALSE
	EndGlobalSection
	GlobalSection(ExtensibilityGlobals) = postSolution
		SolutionGuid = {682AA2AB-044D-4120-A06B-E31360B47098}
	EndGlobalSection
EndGlobal
